
Microsoft Visual Studio Solution File, Format Version 12.00
# Visual Studio Version 17
VisualStudioVersion = 17.0.31903.59
MinimumVisualStudioVersion = 10.0.40219.1
Project("{FAE04EC0-301F-11D3-BF4B-00C04F79EFBC}") = "ClientAstree", "ClientAstree\ClientAstree.csproj", "{9C34BBBD-E0E8-4F75-B205-249E597FB2BD}"
EndProject
Project("{FAE04EC0-301F-11D3-BF4B-00C04F79EFBC}") = "API", "API\API.csproj", "{1FC596F1-42AB-4439-8737-1A4C75FD0A69}"
EndProject
Project("{FAE04EC0-301F-11D3-BF4B-00C04F79EFBC}") = "Data", "Data\Data.csproj", "{470BCC34-D49A-4AFB-A610-C42EDB16C342}"
EndProject
Project("{FAE04EC0-301F-11D3-BF4B-00C04F79EFBC}") = "Service", "Service\Service.csproj", "{D538A96C-B05B-4F08-B07D-E700A991B2FB}"
EndProject
Project("{FAE04EC0-301F-11D3-BF4B-00C04F79EFBC}") = "Business", "Business\Business.csproj", "{C105CCA1-3200-420B-BC24-E2C6C725BE51}"
EndProject
Global
	GlobalSection(SolutionConfigurationPlatforms) = preSolution
		Debug|Any CPU = Debug|Any CPU
		Release|Any CPU = Release|Any CPU
	EndGlobalSection
	GlobalSection(SolutionProperties) = preSolution
		HideSolutionNode = FALSE
	EndGlobalSection
	GlobalSection(ProjectConfigurationPlatforms) = postSolution
		{9C34BBBD-E0E8-4F75-B205-249E597FB2BD}.Debug|Any CPU.ActiveCfg = Debug|Any CPU
		{9C34BBBD-E0E8-4F75-B205-249E597FB2BD}.Debug|Any CPU.Build.0 = Debug|Any CPU
		{9C34BBBD-E0E8-4F75-B205-249E597FB2BD}.Release|Any CPU.ActiveCfg = Release|Any CPU
		{9C34BBBD-E0E8-4F75-B205-249E597FB2BD}.Release|Any CPU.Build.0 = Release|Any CPU
		{1FC596F1-42AB-4439-8737-1A4C75FD0A69}.Debug|Any CPU.ActiveCfg = Debug|Any CPU
		{1FC596F1-42AB-4439-8737-1A4C75FD0A69}.Debug|Any CPU.Build.0 = Debug|Any CPU
		{1FC596F1-42AB-4439-8737-1A4C75FD0A69}.Release|Any CPU.ActiveCfg = Release|Any CPU
		{1FC596F1-42AB-4439-8737-1A4C75FD0A69}.Release|Any CPU.Build.0 = Release|Any CPU
		{470BCC34-D49A-4AFB-A610-C42EDB16C342}.Debug|Any CPU.ActiveCfg = Debug|Any CPU
		{470BCC34-D49A-4AFB-A610-C42EDB16C342}.Debug|Any CPU.Build.0 = Debug|Any CPU
		{470BCC34-D49A-4AFB-A610-C42EDB16C342}.Release|Any CPU.ActiveCfg = Release|Any CPU
		{470BCC34-D49A-4AFB-A610-C42EDB16C342}.Release|Any CPU.Build.0 = Release|Any CPU
		{D538A96C-B05B-4F08-B07D-E700A991B2FB}.Debug|Any CPU.ActiveCfg = Debug|Any CPU
		{D538A96C-B05B-4F08-B07D-E700A991B2FB}.Debug|Any CPU.Build.0 = Debug|Any CPU
		{D538A96C-B05B-4F08-B07D-E700A991B2FB}.Release|Any CPU.ActiveCfg = Release|Any CPU
		{D538A96C-B05B-4F08-B07D-E700A991B2FB}.Release|Any CPU.Build.0 = Release|Any CPU
		{C105CCA1-3200-420B-BC24-E2C6C725BE51}.Debug|Any CPU.ActiveCfg = Debug|Any CPU
		{C105CCA1-3200-420B-BC24-E2C6C725BE51}.Debug|Any CPU.Build.0 = Debug|Any CPU
		{C105CCA1-3200-420B-BC24-E2C6C725BE51}.Release|Any CPU.ActiveCfg = Release|Any CPU
		{C105CCA1-3200-420B-BC24-E2C6C725BE51}.Release|Any CPU.Build.0 = Release|Any CPU
	EndGlobalSection
EndGlobal
